
Microsoft Visual Studio Solution File, Format Version 12.00
# Visual Studio 15
VisualStudioVersion = 15.0.28307.1022
MinimumVisualStudioVersion = 10.0.40219.1
Project("{FAE04EC0-301F-11D3-BF4B-00C04F79EFBC}") = "onePageSite", "onePageSite\onePageSite.csproj", "{AB7CDFE9-B5D5-46FE-9FB5-DAE66C54AACC}"
EndProject
Global
	GlobalSection(SolutionConfigurationPlatforms) = preSolution
		Debug|Any CPU = Debug|Any CPU
		Release|Any CPU = Release|Any CPU
	EndGlobalSection
	GlobalSection(ProjectConfigurationPlatforms) = postSolution
		{AB7CDFE9-B5D5-46FE-9FB5-DAE66C54AACC}.Debug|Any CPU.ActiveCfg = Debug|Any CPU
		{AB7CDFE9-B5D5-46FE-9FB5-DAE66C54AACC}.Debug|Any CPU.Build.0 = Debug|Any CPU
		{AB7CDFE9-B5D5-46FE-9FB5-DAE66C54AACC}.Release|Any CPU.ActiveCfg = Release|Any CPU
		{AB7CDFE9-B5D5-46FE-9FB5-DAE66C54AACC}.Release|Any CPU.Build.0 = Release|Any CPU
	EndGlobalSection
	GlobalSection(SolutionProperties) = preSolution
		HideSolutionNode = FALSE
	EndGlobalSection
	GlobalSection(ExtensibilityGlobals) = postSolution
		SolutionGuid = {B3223C24-778B-4A51-9A10-D7E45CB7209D}
	EndGlobalSection
EndGlobal
